
Microsoft Visual Studio Solution File, Format Version 12.00
# Visual Studio Version 17
VisualStudioVersion = 17.1.32210.238
MinimumVisualStudioVersion = 10.0.40219.1
Project("{9A19103F-16F7-4668-BE54-9A1E7A4F7556}") = "SzkołaCSharp", "SzkołaCSharp.csproj", "{7DA07511-9A37-4816-94F1-C9B7FAF15C62}"
EndProject
Global
	GlobalSection(SolutionConfigurationPlatforms) = preSolution
		Debug|Any CPU = Debug|Any CPU
		Release|Any CPU = Release|Any CPU
	EndGlobalSection
	GlobalSection(ProjectConfigurationPlatforms) = postSolution
		{7DA07511-9A37-4816-94F1-C9B7FAF15C62}.Debug|Any CPU.ActiveCfg = Debug|Any CPU
		{7DA07511-9A37-4816-94F1-C9B7FAF15C62}.Debug|Any CPU.Build.0 = Debug|Any CPU
		{7DA07511-9A37-4816-94F1-C9B7FAF15C62}.Release|Any CPU.ActiveCfg = Release|Any CPU
		{7DA07511-9A37-4816-94F1-C9B7FAF15C62}.Release|Any CPU.Build.0 = Release|Any CPU
	EndGlobalSection
	GlobalSection(SolutionProperties) = preSolution
		HideSolutionNode = FALSE
	EndGlobalSection
	GlobalSection(ExtensibilityGlobals) = postSolution
		SolutionGuid = {7C0C0E43-8024-44B5-8ED7-9045ABD1B37A}
	EndGlobalSection
EndGlobal
